// !$*UTF8*$!
{
	archiveVersion = 1;
	classes = {
	};
	objectVersion = 50;
	objects = {

/* Begin PBXBuildFile section */
		CC2A8D732448C7E000E0B399 /* AppDelegate.swift in Sources */ = {isa = PBXBuildFile; fileRef = CC2A8D722448C7E000E0B399 /* AppDelegate.swift */; };
		CC2A8D752448C7E000E0B399 /* SceneDelegate.swift in Sources */ = {isa = PBXBuildFile; fileRef = CC2A8D742448C7E000E0B399 /* SceneDelegate.swift */; };
		CC2A8D772448C7E000E0B399 /* ViewController.swift in Sources */ = {isa = PBXBuildFile; fileRef = CC2A8D762448C7E000E0B399 /* ViewController.swift */; };
		CC2A8D7A2448C7E000E0B399 /* Main.storyboard in Resources */ = {isa = PBXBuildFile; fileRef = CC2A8D782448C7E000E0B399 /* Main.storyboard */; };
		CC2A8D7C2448C7E300E0B399 /* Assets.xcassets in Resources */ = {isa = PBXBuildFile; fileRef = CC2A8D7B2448C7E300E0B399 /* Assets.xcassets */; };
		CC2A8D7F2448C7E300E0B399 /* LaunchScreen.storyboard in Resources */ = {isa = PBXBuildFile; fileRef = CC2A8D7D2448C7E300E0B399 /* LaunchScreen.storyboard */; };
		CC2A8D8A2448C7E300E0B399 /* FilterAppTests.swift in Sources */ = {isa = PBXBuildFile; fileRef = CC2A8D892448C7E300E0B399 /* FilterAppTests.swift */; };
/* End PBXBuildFile section */

/* Begin PBXContainerItemProxy section */
		CC2A8D862448C7E300E0B399 /* PBXContainerItemProxy */ = {
			isa = PBXContainerItemProxy;
			containerPortal = CC2A8D672448C7E000E0B399 /* Project object */;
			proxyType = 1;
			remoteGlobalIDString = CC2A8D6E2448C7E000E0B399;
			remoteInfo = FilterApp;
		};
/* End PBXContainerItemProxy section */

/* Begin PBXFileReference section */
		CC2A8D6F2448C7E000E0B399 /* FilterApp.app */ = {isa = PBXFileReference; explicitFileType = wrapper.application; includeInIndex = 0; path = FilterApp.app; sourceTree = BUILT_PRODUCTS_DIR; };
		CC2A8D722448C7E000E0B399 /* AppDelegate.swift */ = {isa = PBXFileReference; lastKnownFileType = sourcecode.swift; path = AppDelegate.swift; sourceTree = "<group>"; };
		CC2A8D742448C7E000E0B399 /* SceneDelegate.swift */ = {isa = PBXFileReference; lastKnownFileType = sourcecode.swift; path = SceneDelegate.swift; sourceTree = "<group>"; };
		CC2A8D762448C7E000E0B399 /* ViewController.swift */ = {isa = PBXFileReference; lastKnownFileType = sourcecode.swift; path = ViewController.swift; sourceTree = "<group>"; };
		CC2A8D792448C7E000E0B399 /* Base */ = {isa = PBXFileReference; lastKnownFileType = file.storyboard; name = Base; path = Base.lproj/Main.storyboard; sourceTree = "<group>"; };
		CC2A8D7B2448C7E300E0B399 /* Assets.xcassets */ = {isa = PBXFileReference; lastKnownFileType = folder.assetcatalog; path = Assets.xcassets; sourceTree = "<group>"; };
		CC2A8D7E2448C7E300E0B399 /* Base */ = {isa = PBXFileReference; lastKnownFileType = file.storyboard; name = Base; path = Base.lproj/LaunchScreen.storyboard; sourceTree = "<group>"; };
		CC2A8D802448C7E300E0B399 /* Info.plist */ = {isa = PBXFileReference; lastKnownFileType = text.plist.xml; path = Info.plist; sourceTree = "<group>"; };
		CC2A8D852448C7E300E0B399 /* FilterAppTests.xctest */ = {isa = PBXFileReference; explicitFileType = wrapper.cfbundle; includeInIndex = 0; path = FilterAppTests.xctest; sourceTree = BUILT_PRODUCTS_DIR; };
		CC2A8D892448C7E300E0B399 /* FilterAppTests.swift */ = {isa = PBXFileReference; lastKnownFileType = sourcecode.swift; path = FilterAppTests.swift; sourceTree = "<group>"; };
		CC2A8D8B2448C7E300E0B399 /* Info.plist */ = {isa = PBXFileReference; lastKnownFileType = text.plist.xml; path = Info.plist; sourceTree = "<group>"; };
/* End PBXFileReference section */

/* Begin PBXFrameworksBuildPhase section */
		CC2A8D6C2448C7E000E0B399 /* Frameworks */ = {
			isa = PBXFrameworksBuildPhase;
			buildActionMask = 2147483647;
			files = (
			);
			runOnlyForDeploymentPostprocessing = 0;
		};
		CC2A8D822448C7E300E0B399 /* Frameworks */ = {
			isa = PBXFrameworksBuildPhase;
			buildActionMask = 2147483647;
			files = (
			);
			runOnlyForDeploymentPostprocessing = 0;
		};
/* End PBXFrameworksBuildPhase section */

/* Begin PBXGroup section */
		CC2A8D662448C7E000E0B399 = {
			isa = PBXGroup;
			children = (
				CC2A8D712448C7E000E0B399 /* FilterApp */,
				CC2A8D882448C7E300E0B399 /* FilterAppTests */,
				CC2A8D702448C7E000E0B399 /* Products */,
			);
			sourceTree = "<group>";
		};
		CC2A8D702448C7E000E0B399 /* Products */ = {
			isa = PBXGroup;
			children = (
				CC2A8D6F2448C7E000E0B399 /* FilterApp.app */,
				CC2A8D852448C7E300E0B399 /* FilterAppTests.xctest */,
			);
			name = Products;
			sourceTree = "<group>";
		};
		CC2A8D712448C7E000E0B399 /* FilterApp */ = {
			isa = PBXGroup;
			children = (
				CC2A8D722448C7E000E0B399 /* AppDelegate.swift */,
				CC2A8D742448C7E000E0B399 /* SceneDelegate.swift */,
				CC2A8D762448C7E000E0B399 /* ViewController.swift */,
				CC2A8D782448C7E000E0B399 /* Main.storyboard */,
				CC2A8D7B2448C7E300E0B399 /* Assets.xcassets */,
				CC2A8D7D2448C7E300E0B399 /* LaunchScreen.storyboard */,
				CC2A8D802448C7E300E0B399 /* Info.plist */,
			);
			path = FilterApp;
			sourceTree = "<group>";
		};
		CC2A8D882448C7E300E0B399 /* FilterAppTests */ = {
			isa = PBXGroup;
			children = (
				CC2A8D892448C7E300E0B399 /* FilterAppTests.swift */,
				CC2A8D8B2448C7E300E0B399 /* Info.plist */,
			);
			path = FilterAppTests;
			sourceTree = "<group>";
		};
/* End PBXGroup section */

/* Begin PBXNativeTarget section */
		CC2A8D6E2448C7E000E0B399 /* FilterApp */ = {
			isa = PBXNativeTarget;
			buildConfigurationList = CC2A8D8E2448C7E300E0B399 /* Build configuration list for PBXNativeTarget "FilterApp" */;
			buildPhases = (
				CC2A8D6B2448C7E000E0B399 /* Sources */,
				CC2A8D6C2448C7E000E0B399 /* Frameworks */,
				CC2A8D6D2448C7E000E0B399 /* Resources */,
			);
			buildRules = (
			);
			dependencies = (
			);
			name = FilterApp;
			productName = FilterApp;
			productReference = CC2A8D6F2448C7E000E0B399 /* FilterApp.app */;
			productType = "com.apple.product-type.application";
		};
		CC2A8D842448C7E300E0B399 /* FilterAppTests */ = {
			isa = PBXNativeTarget;
			buildConfigurationList = CC2A8D912448C7E300E0B399 /* Build configuration list for PBXNativeTarget "FilterAppTests" */;
			buildPhases = (
				CC2A8D812448C7E300E0B399 /* Sources */,
				CC2A8D822448C7E300E0B399 /* Frameworks */,
				CC2A8D832448C7E300E0B399 /* Resources */,
			);
			buildRules = (
			);
			dependencies = (
				CC2A8D872448C7E300E0B399 /* PBXTargetDependency */,
			);
			name = FilterAppTests;
			productName = FilterAppTests;
			productReference = CC2A8D852448C7E300E0B399 /* FilterAppTests.xctest */;
			productType = "com.apple.product-type.bundle.unit-test";
		};
/* End PBXNativeTarget section */

/* Begin PBXProject section */
		CC2A8D672448C7E000E0B399 /* Project object */ = {
			isa = PBXProject;
			attributes = {
				LastSwiftUpdateCheck = 1130;
				LastUpgradeCheck = 1130;
				ORGANIZATIONNAME = "Родион";
				TargetAttributes = {
					CC2A8D6E2448C7E000E0B399 = {
						CreatedOnToolsVersion = 11.3;
					};
					CC2A8D842448C7E300E0B399 = {
						CreatedOnToolsVersion = 11.3;
						TestTargetID = CC2A8D6E2448C7E000E0B399;
					};
				};
			};
			buildConfigurationList = CC2A8D6A2448C7E000E0B399 /* Build configuration list for PBXProject "FilterApp" */;
			compatibilityVersion = "Xcode 9.3";
			developmentRegion = en;
			hasScannedForEncodings = 0;
			knownRegions = (
				en,
				Base,
			);
			mainGroup = CC2A8D662448C7E000E0B399;
			productRefGroup = CC2A8D702448C7E000E0B399 /* Products */;
			projectDirPath = "";
			projectRoot = "";
			targets = (
				CC2A8D6E2448C7E000E0B399 /* FilterApp */,
				CC2A8D842448C7E300E0B399 /* FilterAppTests */,
			);
		};
/* End PBXProject section */

/* Begin PBXResourcesBuildPhase section */
		CC2A8D6D2448C7E000E0B399 /* Resources */ = {
			isa = PBXResourcesBuildPhase;
			buildActionMask = 2147483647;
			files = (
				CC2A8D7F2448C7E300E0B399 /* LaunchScreen.storyboard in Resources */,
				CC2A8D7C2448C7E300E0B399 /* Assets.xcassets in Resources */,
				CC2A8D7A2448C7E000E0B399 /* Main.storyboard in Resources */,
			);
			runOnlyForDeploymentPostprocessing = 0;
		};
		CC2A8D832448C7E300E0B399 /* Resources */ = {
			isa = PBXResourcesBuildPhase;
			buildActionMask = 2147483647;
			files = (
			);
			runOnlyForDeploymentPostprocessing = 0;
		};
/* End PBXResourcesBuildPhase section */

/* Begin PBXSourcesBuildPhase section */
		CC2A8D6B2448C7E000E0B399 /* Sources */ = {
			isa = PBXSourcesBuildPhase;
			buildActionMask = 2147483647;
			files = (
				CC2A8D772448C7E000E0B399 /* ViewController.swift in Sources */,
				CC2A8D732448C7E000E0B399 /* AppDelegate.swift in Sources */,
				CC2A8D752448C7E000E0B399 /* SceneDelegate.swift in Sources */,
			);
			runOnlyForDeploymentPostprocessing = 0;
		};
		CC2A8D812448C7E300E0B399 /* Sources */ = {
			isa = PBXSourcesBuildPhase;
			buildActionMask = 2147483647;
			files = (
				CC2A8D8A2448C7E300E0B399 /* FilterAppTests.swift in Sources */,
			);
			runOnlyForDeploymentPostprocessing = 0;
		};
/* End PBXSourcesBuildPhase section */

/* Begin PBXTargetDependency section */
		CC2A8D872448C7E300E0B399 /* PBXTargetDependency */ = {
			isa = PBXTargetDependency;
			target = CC2A8D6E2448C7E000E0B399 /* FilterApp */;
			targetProxy = CC2A8D862448C7E300E0B399 /* PBXContainerItemProxy */;
		};
/* End PBXTargetDependency section */

/* Begin PBXVariantGroup section */
		CC2A8D782448C7E000E0B399 /* Main.storyboard */ = {
			isa = PBXVariantGroup;
			children = (
				CC2A8D792448C7E000E0B399 /* Base */,
			);
			name = Main.storyboard;
			sourceTree = "<group>";
		};
		CC2A8D7D2448C7E300E0B399 /* LaunchScreen.storyboard */ = {
			isa = PBXVariantGroup;
			children = (
				CC2A8D7E2448C7E300E0B399 /* Base */,
			);
			name = LaunchScreen.storyboard;
			sourceTree = "<group>";
		};
/* End PBXVariantGroup section */

/* Begin XCBuildConfiguration section */
		CC2A8D8C2448C7E300E0B399 /* Debug */ = {
			isa = XCBuildConfiguration;
			buildSettings = {
				ALWAYS_SEARCH_USER_PATHS = NO;
				CLANG_ANALYZER_NONNULL = YES;
				CLANG_ANALYZER_NUMBER_OBJECT_CONVERSION = YES_AGGRESSIVE;
				CLANG_CXX_LANGUAGE_STANDARD = "gnu++14";
				CLANG_CXX_LIBRARY = "libc++";
				CLANG_ENABLE_MODULES = YES;
				CLANG_ENABLE_OBJC_ARC = YES;
				CLANG_ENABLE_OBJC_WEAK = YES;
				CLANG_WARN_BLOCK_CAPTURE_AUTORELEASING = YES;
				CLANG_WARN_BOOL_CONVERSION = YES;
				CLANG_WARN_COMMA = YES;
				CLANG_WARN_CONSTANT_CONVERSION = YES;
				CLANG_WARN_DEPRECATED_OBJC_IMPLEMENTATIONS = YES;
				CLANG_WARN_DIRECT_OBJC_ISA_USAGE = YES_ERROR;
				CLANG_WARN_DOCUMENTATION_COMMENTS = YES;
				CLANG_WARN_EMPTY_BODY = YES;
				CLANG_WARN_ENUM_CONVERSION = YES;
				CLANG_WARN_INFINITE_RECURSION = YES;
				CLANG_WARN_INT_CONVERSION = YES;
				CLANG_WARN_NON_LITERAL_NULL_CONVERSION = YES;
				CLANG_WARN_OBJC_IMPLICIT_RETAIN_SELF = YES;
				CLANG_WARN_OBJC_LITERAL_CONVERSION = YES;
				CLANG_WARN_OBJC_ROOT_CLASS = YES_ERROR;
				CLANG_WARN_RANGE_LOOP_ANALYSIS = YES;
				CLANG_WARN_STRICT_PROTOTYPES = YES;
				CLANG_WARN_SUSPICIOUS_MOVE = YES;
				CLANG_WARN_UNGUARDED_AVAILABILITY = YES_AGGRESSIVE;
				CLANG_WARN_UNREACHABLE_CODE = YES;
				CLANG_WARN__DUPLICATE_METHOD_MATCH = YES;
				COPY_PHASE_STRIP = NO;
				DEBUG_INFORMATION_FORMAT = dwarf;
				ENABLE_STRICT_OBJC_MSGSEND = YES;
				ENABLE_TESTABILITY = YES;
				GCC_C_LANGUAGE_STANDARD = gnu11;
				GCC_DYNAMIC_NO_PIC = NO;
				GCC_NO_COMMON_BLOCKS = YES;
				GCC_OPTIMIZATION_LEVEL = 0;
				GCC_PREPROCESSOR_DEFINITIONS = (
					"DEBUG=1",
					"$(inherited)",
				);
				GCC_WARN_64_TO_32_BIT_CONVERSION = YES;
				GCC_WARN_ABOUT_RETURN_TYPE = YES_ERROR;
				GCC_WARN_UNDECLARED_SELECTOR = YES;
				GCC_WARN_UNINITIALIZED_AUTOS = YES_AGGRESSIVE;
				GCC_WARN_UNUSED_FUNCTION = YES;
				GCC_WARN_UNUSED_VARIABLE = YES;
				IPHONEOS_DEPLOYMENT_TARGET = 13.2;
				MTL_ENABLE_DEBUG_INFO = INCLUDE_SOURCE;
				MTL_FAST_MATH = YES;
				ONLY_ACTIVE_ARCH = YES;
				SDKROOT = iphoneos;
				SWIFT_ACTIVE_COMPILATION_CONDITIONS = DEBUG;
				SWIFT_OPTIMIZATION_LEVEL = "-Onone";
			};
			name = Debug;
		};
		CC2A8D8D2448C7E300E0B399 /* Release */ = {
			isa = XCBuildConfiguration;
			buildSettings = {
				ALWAYS_SEARCH_USER_PATHS = NO;
				CLANG_ANALYZER_NONNULL = YES;
				CLANG_ANALYZER_NUMBER_OBJECT_CONVERSION = YES_AGGRESSIVE;
				CLANG_CXX_LANGUAGE_STANDARD = "gnu++14";
				CLANG_CXX_LIBRARY = "libc++";
				CLANG_ENABLE_MODULES = YES;
				CLANG_ENABLE_OBJC_ARC = YES;
				CLANG_ENABLE_OBJC_WEAK = YES;
				CLANG_WARN_BLOCK_CAPTURE_AUTORELEASING = YES;
				CLANG_WARN_BOOL_CONVERSION = YES;
				CLANG_WARN_COMMA = YES;
				CLANG_WARN_CONSTANT_CONVERSION = YES;
				CLANG_WARN_DEPRECATED_OBJC_IMPLEMENTATIONS = YES;
				CLANG_WARN_DIRECT_OBJC_ISA_USAGE = YES_ERROR;
				CLANG_WARN_DOCUMENTATION_COMMENTS = YES;
				CLANG_WARN_EMPTY_BODY = YES;
				CLANG_WARN_ENUM_CONVERSION = YES;
				CLANG_WARN_INFINITE_RECURSION = YES;
				CLANG_WARN_INT_CONVERSION = YES;
				CLANG_WARN_NON_LITERAL_NULL_CONVERSION = YES;
				CLANG_WARN_OBJC_IMPLICIT_RETAIN_SELF = YES;
				CLANG_WARN_OBJC_LITERAL_CONVERSION = YES;
				CLANG_WARN_OBJC_ROOT_CLASS = YES_ERROR;
				CLANG_WARN_RANGE_LOOP_ANALYSIS = YES;
				CLANG_WARN_STRICT_PROTOTYPES = YES;
				CLANG_WARN_SUSPICIOUS_MOVE = YES;
				CLANG_WARN_UNGUARDED_AVAILABILITY = YES_AGGRESSIVE;
				CLANG_WARN_UNREACHABLE_CODE = YES;
				CLANG_WARN__DUPLICATE_METHOD_MATCH = YES;
				COPY_PHASE_STRIP = NO;
				DEBUG_INFORMATION_FORMAT = "dwarf-with-dsym";
				ENABLE_NS_ASSERTIONS = NO;
				ENABLE_STRICT_OBJC_MSGSEND = YES;
				GCC_C_LANGUAGE_STANDARD = gnu11;
				GCC_NO_COMMON_BLOCKS = YES;
				GCC_WARN_64_TO_32_BIT_CONVERSION = YES;
				GCC_WARN_ABOUT_RETURN_TYPE = YES_ERROR;
				GCC_WARN_UNDECLARED_SELECTOR = YES;
				GCC_WARN_UNINITIALIZED_AUTOS = YES_AGGRESSIVE;
				GCC_WARN_UNUSED_FUNCTION = YES;
				GCC_WARN_UNUSED_VARIABLE = YES;
				IPHONEOS_DEPLOYMENT_TARGET = 13.2;
				MTL_ENABLE_DEBUG_INFO = NO;
				MTL_FAST_MATH = YES;
				SDKROOT = iphoneos;
				SWIFT_COMPILATION_MODE = wholemodule;
				SWIFT_OPTIMIZATION_LEVEL = "-O";
				VALIDATE_PRODUCT = YES;
			};
			name = Release;
		};
		CC2A8D8F2448C7E300E0B399 /* Debug */ = {
			isa = XCBuildConfiguration;
			buildSettings = {
				ASSETCATALOG_COMPILER_APPICON_NAME = AppIcon;
				CODE_SIGN_STYLE = Automatic;
				DEVELOPMENT_TEAM = 49CTYF44YS;
				INFOPLIST_FILE = FilterApp/Info.plist;
				LD_RUNPATH_SEARCH_PATHS = (
					"$(inherited)",
					"@executable_path/Frameworks",
				);
				PRODUCT_BUNDLE_IDENTIFIER = com.artyukhinrodion.FilterApp;
				PRODUCT_NAME = "$(TARGET_NAME)";
				SWIFT_VERSION = 5.0;
				TARGETED_DEVICE_FAMILY = "1,2";
			};
			name = Debug;
		};
		CC2A8D902448C7E300E0B399 /* Release */ = {
			isa = XCBuildConfiguration;
			buildSettings = {
				ASSETCATALOG_COMPILER_APPICON_NAME = AppIcon;
				CODE_SIGN_STYLE = Automatic;
				DEVELOPMENT_TEAM = 49CTYF44YS;
				INFOPLIST_FILE = FilterApp/Info.plist;
				LD_RUNPATH_SEARCH_PATHS = (
					"$(inherited)",
					"@executable_path/Frameworks",
				);
				PRODUCT_BUNDLE_IDENTIFIER = com.artyukhinrodion.FilterApp;
				PRODUCT_NAME = "$(TARGET_NAME)";
				SWIFT_VERSION = 5.0;
				TARGETED_DEVICE_FAMILY = "1,2";
			};
			name = Release;
		};
		CC2A8D922448C7E300E0B399 /* Debug */ = {
			isa = XCBuildConfiguration;
			buildSettings = {
				ALWAYS_EMBED_SWIFT_STANDARD_LIBRARIES = YES;
				BUNDLE_LOADER = "$(TEST_HOST)";
				CODE_SIGN_STYLE = Automatic;
				DEVELOPMENT_TEAM = 49CTYF44YS;
				INFOPLIST_FILE = FilterAppTests/Info.plist;
				IPHONEOS_DEPLOYMENT_TARGET = 13.2;
				LD_RUNPATH_SEARCH_PATHS = (
					"$(inherited)",
					"@executable_path/Frameworks",
					"@loader_path/Frameworks",
				);
				PRODUCT_BUNDLE_IDENTIFIER = com.artyukhinrodion.FilterAppTests;
				PRODUCT_NAME = "$(TARGET_NAME)";
				SWIFT_VERSION = 5.0;
				TARGETED_DEVICE_FAMILY = "1,2";
				TEST_HOST = "$(BUILT_PRODUCTS_DIR)/FilterApp.app/FilterApp";
			};
			name = Debug;
		};
		CC2A8D932448C7E300E0B399 /* Release */ = {
			isa = XCBuildConfiguration;
			buildSettings = {
				ALWAYS_EMBED_SWIFT_STANDARD_LIBRARIES = YES;
				BUNDLE_LOADER = "$(TEST_HOST)";
				CODE_SIGN_STYLE = Automatic;
				DEVELOPMENT_TEAM = 49CTYF44YS;
				INFOPLIST_FILE = FilterAppTests/Info.plist;
				IPHONEOS_DEPLOYMENT_TARGET = 13.2;
				LD_RUNPATH_SEARCH_PATHS = (
					"$(inherited)",
					"@executable_path/Frameworks",
					"@loader_path/Frameworks",
				);
				PRODUCT_BUNDLE_IDENTIFIER = com.artyukhinrodion.FilterAppTests;
				PRODUCT_NAME = "$(TARGET_NAME)";
				SWIFT_VERSION = 5.0;
				TARGETED_DEVICE_FAMILY = "1,2";
				TEST_HOST = "$(BUILT_PRODUCTS_DIR)/FilterApp.app/FilterApp";
			};
			name = Release;
		};
/* End XCBuildConfiguration section */

/* Begin XCConfigurationList section */
		CC2A8D6A2448C7E000E0B399 /* Build configuration list for PBXProject "FilterApp" */ = {
			isa = XCConfigurationList;
			buildConfigurations = (
				CC2A8D8C2448C7E300E0B399 /* Debug */,
				CC2A8D8D2448C7E300E0B399 /* Release */,
			);
			defaultConfigurationIsVisible = 0;
			defaultConfigurationName = Release;
		};
		CC2A8D8E2448C7E300E0B399 /* Build configuration list for PBXNativeTarget "FilterApp" */ = {
			isa = XCConfigurationList;
			buildConfigurations = (
				CC2A8D8F2448C7E300E0B399 /* Debug */,
				CC2A8D902448C7E300E0B399 /* Release */,
			);
			defaultConfigurationIsVisible = 0;
			defaultConfigurationName = Release;
		};
		CC2A8D912448C7E300E0B399 /* Build configuration list for PBXNativeTarget "FilterAppTests" */ = {
			isa = XCConfigurationList;
			buildConfigurations = (
				CC2A8D922448C7E300E0B399 /* Debug */,
				CC2A8D932448C7E300E0B399 /* Release */,
			);
			defaultConfigurationIsVisible = 0;
			defaultConfigurationName = Release;
		};
/* End XCConfigurationList section */
	};
	rootObject = CC2A8D672448C7E000E0B399 /* Project object */;
}
